
Microsoft Visual Studio Solution File, Format Version 12.00
# Visual Studio Version 17
VisualStudioVersion = 17.11.35312.102
MinimumVisualStudioVersion = 10.0.40219.1
Project("{FAE04EC0-301F-11D3-BF4B-00C04F79EFBC}") = "BOTW_Multiplayer_Freecam_Injector", "BOTW_Multiplayer_Freecam_Injector\BOTW_Multiplayer_Freecam_Injector.csproj", "{A2F3C94F-80E5-47B5-B8C6-C292E25826AA}"
EndProject
Global
	GlobalSection(SolutionConfigurationPlatforms) = preSolution
		Debug|Any CPU = Debug|Any CPU
		Release|Any CPU = Release|Any CPU
	EndGlobalSection
	GlobalSection(ProjectConfigurationPlatforms) = postSolution
		{A2F3C94F-80E5-47B5-B8C6-C292E25826AA}.Debug|Any CPU.ActiveCfg = Debug|Any CPU
		{A2F3C94F-80E5-47B5-B8C6-C292E25826AA}.Debug|Any CPU.Build.0 = Debug|Any CPU
		{A2F3C94F-80E5-47B5-B8C6-C292E25826AA}.Release|Any CPU.ActiveCfg = Release|Any CPU
		{A2F3C94F-80E5-47B5-B8C6-C292E25826AA}.Release|Any CPU.Build.0 = Release|Any CPU
	EndGlobalSection
	GlobalSection(SolutionProperties) = preSolution
		HideSolutionNode = FALSE
	EndGlobalSection
	GlobalSection(ExtensibilityGlobals) = postSolution
		SolutionGuid = {529C4F92-789A-4B4C-B0DD-CFE5E326E297}
	EndGlobalSection
EndGlobal
